
Microsoft Visual Studio Solution File, Format Version 12.00
# Visual Studio 15
Project("{FAE04EC0-301F-11D3-BF4B-00C04F79EFBC}") = "Assembly-CSharp", "Assembly-CSharp.csproj", "{6A3B33B7-2AC2-90B5-7850-856D429B1C24}"
EndProject
Project("{FAE04EC0-301F-11D3-BF4B-00C04F79EFBC}") = "Assembly-CSharp-firstpass", "Assembly-CSharp-firstpass.csproj", "{90F79DE8-4346-0160-70B0-E0FDD438553D}"
EndProject
Global
	GlobalSection(SolutionConfigurationPlatforms) = preSolution
		Debug|Any CPU = Debug|Any CPU
		Release|Any CPU = Release|Any CPU
	EndGlobalSection
	GlobalSection(ProjectConfigurationPlatforms) = postSolution
		{6A3B33B7-2AC2-90B5-7850-856D429B1C24}.Debug|Any CPU.ActiveCfg = Debug|Any CPU
		{6A3B33B7-2AC2-90B5-7850-856D429B1C24}.Debug|Any CPU.Build.0 = Debug|Any CPU
		{6A3B33B7-2AC2-90B5-7850-856D429B1C24}.Release|Any CPU.ActiveCfg = Release|Any CPU
		{6A3B33B7-2AC2-90B5-7850-856D429B1C24}.Release|Any CPU.Build.0 = Release|Any CPU
		{90F79DE8-4346-0160-70B0-E0FDD438553D}.Debug|Any CPU.ActiveCfg = Debug|Any CPU
		{90F79DE8-4346-0160-70B0-E0FDD438553D}.Debug|Any CPU.Build.0 = Debug|Any CPU
		{90F79DE8-4346-0160-70B0-E0FDD438553D}.Release|Any CPU.ActiveCfg = Release|Any CPU
		{90F79DE8-4346-0160-70B0-E0FDD438553D}.Release|Any CPU.Build.0 = Release|Any CPU
	EndGlobalSection
	GlobalSection(SolutionProperties) = preSolution
		HideSolutionNode = FALSE
	EndGlobalSection
EndGlobal
